// !$*UTF8*$!
{
	archiveVersion = 1;
	classes = {
	};
	objectVersion = 56;
	objects = {

/* Begin PBXBuildFile section */
		7316D9C02C989CF400CB8AED /* AppDelegate.swift in Sources */ = {isa = PBXBuildFile; fileRef = 7316D9BF2C989CF400CB8AED /* AppDelegate.swift */; };
		7316D9C22C989CF400CB8AED /* SceneDelegate.swift in Sources */ = {isa = PBXBuildFile; fileRef = 7316D9C12C989CF400CB8AED /* SceneDelegate.swift */; };
		7316D9C42C989CF400CB8AED /* RMTabBarController.swift in Sources */ = {isa = PBXBuildFile; fileRef = 7316D9C32C989CF400CB8AED /* RMTabBarController.swift */; };
		7316D9C92C989CF700CB8AED /* Assets.xcassets in Resources */ = {isa = PBXBuildFile; fileRef = 7316D9C82C989CF700CB8AED /* Assets.xcassets */; };
		7316D9CC2C989CF700CB8AED /* LaunchScreen.storyboard in Resources */ = {isa = PBXBuildFile; fileRef = 7316D9CA2C989CF700CB8AED /* LaunchScreen.storyboard */; };
		7316D9DB2C98A0F900CB8AED /* RMLocation.swift in Sources */ = {isa = PBXBuildFile; fileRef = 7316D9DA2C98A0F900CB8AED /* RMLocation.swift */; };
		7316D9DD2C98A10600CB8AED /* RMCharacter.swift in Sources */ = {isa = PBXBuildFile; fileRef = 7316D9DC2C98A10600CB8AED /* RMCharacter.swift */; };
		7316D9DF2C98A11000CB8AED /* RMEpisode.swift in Sources */ = {isa = PBXBuildFile; fileRef = 7316D9DE2C98A11000CB8AED /* RMEpisode.swift */; };
		7316D9E22C98A16E00CB8AED /* RMCharacterViewController.swift in Sources */ = {isa = PBXBuildFile; fileRef = 7316D9E12C98A16E00CB8AED /* RMCharacterViewController.swift */; };
		7316D9E42C98A18100CB8AED /* RMLocationViewController.swift in Sources */ = {isa = PBXBuildFile; fileRef = 7316D9E32C98A18100CB8AED /* RMLocationViewController.swift */; };
		7316D9E62C98A19000CB8AED /* RMEpisodeViewController.swift in Sources */ = {isa = PBXBuildFile; fileRef = 7316D9E52C98A19000CB8AED /* RMEpisodeViewController.swift */; };
		7316D9E82C98A1EE00CB8AED /* RMSettingsViewController.swift in Sources */ = {isa = PBXBuildFile; fileRef = 7316D9E72C98A1EE00CB8AED /* RMSettingsViewController.swift */; };
		73D2F2FA2C99F59E00B18FD4 /* RMService.swift in Sources */ = {isa = PBXBuildFile; fileRef = 73D2F2F92C99F59800B18FD4 /* RMService.swift */; };
		73D2F2FC2C99F5AC00B18FD4 /* RMRequest.swift in Sources */ = {isa = PBXBuildFile; fileRef = 73D2F2FB2C99F5AC00B18FD4 /* RMRequest.swift */; };
		73D2F2FE2C99F76000B18FD4 /* RMEndpoint.swift in Sources */ = {isa = PBXBuildFile; fileRef = 73D2F2FD2C99F76000B18FD4 /* RMEndpoint.swift */; };
		73DBB86D2C9ABEAA00ABAB97 /* RMOrigin.swift in Sources */ = {isa = PBXBuildFile; fileRef = 73DBB86C2C9ABEA600ABAB97 /* RMOrigin.swift */; };
		73DBB86F2C9ABEDC00ABAB97 /* RMSingleLocation.swift in Sources */ = {isa = PBXBuildFile; fileRef = 73DBB86E2C9ABED700ABAB97 /* RMSingleLocation.swift */; };
		73DBB8712C9AC03E00ABAB97 /* RMCharacterStatus.swift in Sources */ = {isa = PBXBuildFile; fileRef = 73DBB8702C9AC03700ABAB97 /* RMCharacterStatus.swift */; };
		73DBB8732C9AC07E00ABAB97 /* RMCharacterGender.swift in Sources */ = {isa = PBXBuildFile; fileRef = 73DBB8722C9AC07A00ABAB97 /* RMCharacterGender.swift */; };
		73DBB8772C9AD94900ABAB97 /* RMGetAllCharactersResponse.swift in Sources */ = {isa = PBXBuildFile; fileRef = 73DBB8762C9AD93E00ABAB97 /* RMGetAllCharactersResponse.swift */; };
/* End PBXBuildFile section */

/* Begin PBXFileReference section */
		7316D9BC2C989CF400CB8AED /* RickAndMorty.app */ = {isa = PBXFileReference; explicitFileType = wrapper.application; includeInIndex = 0; path = RickAndMorty.app; sourceTree = BUILT_PRODUCTS_DIR; };
		7316D9BF2C989CF400CB8AED /* AppDelegate.swift */ = {isa = PBXFileReference; lastKnownFileType = sourcecode.swift; path = AppDelegate.swift; sourceTree = "<group>"; };
		7316D9C12C989CF400CB8AED /* SceneDelegate.swift */ = {isa = PBXFileReference; lastKnownFileType = sourcecode.swift; path = SceneDelegate.swift; sourceTree = "<group>"; };
		7316D9C32C989CF400CB8AED /* RMTabBarController.swift */ = {isa = PBXFileReference; lastKnownFileType = sourcecode.swift; path = RMTabBarController.swift; sourceTree = "<group>"; };
		7316D9C82C989CF700CB8AED /* Assets.xcassets */ = {isa = PBXFileReference; lastKnownFileType = folder.assetcatalog; path = Assets.xcassets; sourceTree = "<group>"; };
		7316D9CB2C989CF700CB8AED /* Base */ = {isa = PBXFileReference; lastKnownFileType = file.storyboard; name = Base; path = Base.lproj/LaunchScreen.storyboard; sourceTree = "<group>"; };
		7316D9CD2C989CF700CB8AED /* Info.plist */ = {isa = PBXFileReference; lastKnownFileType = text.plist.xml; path = Info.plist; sourceTree = "<group>"; };
		7316D9DA2C98A0F900CB8AED /* RMLocation.swift */ = {isa = PBXFileReference; lastKnownFileType = sourcecode.swift; path = RMLocation.swift; sourceTree = "<group>"; };
		7316D9DC2C98A10600CB8AED /* RMCharacter.swift */ = {isa = PBXFileReference; lastKnownFileType = sourcecode.swift; path = RMCharacter.swift; sourceTree = "<group>"; };
		7316D9DE2C98A11000CB8AED /* RMEpisode.swift */ = {isa = PBXFileReference; lastKnownFileType = sourcecode.swift; path = RMEpisode.swift; sourceTree = "<group>"; };
		7316D9E12C98A16E00CB8AED /* RMCharacterViewController.swift */ = {isa = PBXFileReference; lastKnownFileType = sourcecode.swift; path = RMCharacterViewController.swift; sourceTree = "<group>"; };
		7316D9E32C98A18100CB8AED /* RMLocationViewController.swift */ = {isa = PBXFileReference; lastKnownFileType = sourcecode.swift; path = RMLocationViewController.swift; sourceTree = "<group>"; };
		7316D9E52C98A19000CB8AED /* RMEpisodeViewController.swift */ = {isa = PBXFileReference; lastKnownFileType = sourcecode.swift; path = RMEpisodeViewController.swift; sourceTree = "<group>"; };
		7316D9E72C98A1EE00CB8AED /* RMSettingsViewController.swift */ = {isa = PBXFileReference; lastKnownFileType = sourcecode.swift; path = RMSettingsViewController.swift; sourceTree = "<group>"; };
		73D2F2F92C99F59800B18FD4 /* RMService.swift */ = {isa = PBXFileReference; lastKnownFileType = sourcecode.swift; path = RMService.swift; sourceTree = "<group>"; };
		73D2F2FB2C99F5AC00B18FD4 /* RMRequest.swift */ = {isa = PBXFileReference; lastKnownFileType = sourcecode.swift; path = RMRequest.swift; sourceTree = "<group>"; };
		73D2F2FD2C99F76000B18FD4 /* RMEndpoint.swift */ = {isa = PBXFileReference; lastKnownFileType = sourcecode.swift; path = RMEndpoint.swift; sourceTree = "<group>"; };
		73DBB86C2C9ABEA600ABAB97 /* RMOrigin.swift */ = {isa = PBXFileReference; lastKnownFileType = sourcecode.swift; path = RMOrigin.swift; sourceTree = "<group>"; };
		73DBB86E2C9ABED700ABAB97 /* RMSingleLocation.swift */ = {isa = PBXFileReference; lastKnownFileType = sourcecode.swift; path = RMSingleLocation.swift; sourceTree = "<group>"; };
		73DBB8702C9AC03700ABAB97 /* RMCharacterStatus.swift */ = {isa = PBXFileReference; lastKnownFileType = sourcecode.swift; path = RMCharacterStatus.swift; sourceTree = "<group>"; };
		73DBB8722C9AC07A00ABAB97 /* RMCharacterGender.swift */ = {isa = PBXFileReference; lastKnownFileType = sourcecode.swift; path = RMCharacterGender.swift; sourceTree = "<group>"; };
		73DBB8762C9AD93E00ABAB97 /* RMGetAllCharactersResponse.swift */ = {isa = PBXFileReference; lastKnownFileType = sourcecode.swift; path = RMGetAllCharactersResponse.swift; sourceTree = "<group>"; };
/* End PBXFileReference section */

/* Begin PBXFrameworksBuildPhase section */
		7316D9B92C989CF400CB8AED /* Frameworks */ = {
			isa = PBXFrameworksBuildPhase;
			buildActionMask = 2147483647;
			files = (
			);
			runOnlyForDeploymentPostprocessing = 0;
		};
/* End PBXFrameworksBuildPhase section */

/* Begin PBXGroup section */
		7316D9B32C989CF400CB8AED = {
			isa = PBXGroup;
			children = (
				7316D9BE2C989CF400CB8AED /* RickAndMorty */,
				7316D9BD2C989CF400CB8AED /* Products */,
			);
			sourceTree = "<group>";
		};
		7316D9BD2C989CF400CB8AED /* Products */ = {
			isa = PBXGroup;
			children = (
				7316D9BC2C989CF400CB8AED /* RickAndMorty.app */,
			);
			name = Products;
			sourceTree = "<group>";
		};
		7316D9BE2C989CF400CB8AED /* RickAndMorty */ = {
			isa = PBXGroup;
			children = (
				7316D9D92C98A03200CB8AED /* Resources */,
				7316D9D82C98A02C00CB8AED /* APIClient */,
				7316D9D72C98A01400CB8AED /* Managers */,
				7316D9D62C98A00D00CB8AED /* ViewModels */,
				7316D9D52C98A00900CB8AED /* Views */,
				7316D9D42C98A00100CB8AED /* Models */,
				7316D9D32C989FF800CB8AED /* Controllers */,
				7316D9CD2C989CF700CB8AED /* Info.plist */,
			);
			path = RickAndMorty;
			sourceTree = "<group>";
		};
		7316D9D32C989FF800CB8AED /* Controllers */ = {
			isa = PBXGroup;
			children = (
				7316D9E02C98A14E00CB8AED /* Core */,
			);
			path = Controllers;
			sourceTree = "<group>";
		};
		7316D9D42C98A00100CB8AED /* Models */ = {
			isa = PBXGroup;
			children = (
				73DBB8752C9AD93100ABAB97 /* APIResponseTypes */,
				73DBB8742C9AD92000ABAB97 /* DataTypes */,
			);
			path = Models;
			sourceTree = "<group>";
		};
		7316D9D52C98A00900CB8AED /* Views */ = {
			isa = PBXGroup;
			children = (
			);
			path = Views;
			sourceTree = "<group>";
		};
		7316D9D62C98A00D00CB8AED /* ViewModels */ = {
			isa = PBXGroup;
			children = (
			);
			path = ViewModels;
			sourceTree = "<group>";
		};
		7316D9D72C98A01400CB8AED /* Managers */ = {
			isa = PBXGroup;
			children = (
			);
			path = Managers;
			sourceTree = "<group>";
		};
		7316D9D82C98A02C00CB8AED /* APIClient */ = {
			isa = PBXGroup;
			children = (
				73D2F2F92C99F59800B18FD4 /* RMService.swift */,
				73D2F2FB2C99F5AC00B18FD4 /* RMRequest.swift */,
				73D2F2FD2C99F76000B18FD4 /* RMEndpoint.swift */,
			);
			path = APIClient;
			sourceTree = "<group>";
		};
		7316D9D92C98A03200CB8AED /* Resources */ = {
			isa = PBXGroup;
			children = (
				7316D9C82C989CF700CB8AED /* Assets.xcassets */,
				7316D9CA2C989CF700CB8AED /* LaunchScreen.storyboard */,
				7316D9BF2C989CF400CB8AED /* AppDelegate.swift */,
				7316D9C12C989CF400CB8AED /* SceneDelegate.swift */,
			);
			path = Resources;
			sourceTree = "<group>";
		};
		7316D9E02C98A14E00CB8AED /* Core */ = {
			isa = PBXGroup;
			children = (
				7316D9C32C989CF400CB8AED /* RMTabBarController.swift */,
				7316D9E12C98A16E00CB8AED /* RMCharacterViewController.swift */,
				7316D9E32C98A18100CB8AED /* RMLocationViewController.swift */,
				7316D9E52C98A19000CB8AED /* RMEpisodeViewController.swift */,
				7316D9E72C98A1EE00CB8AED /* RMSettingsViewController.swift */,
			);
			path = Core;
			sourceTree = "<group>";
		};
		73DBB8742C9AD92000ABAB97 /* DataTypes */ = {
			isa = PBXGroup;
			children = (
				7316D9DA2C98A0F900CB8AED /* RMLocation.swift */,
				7316D9DC2C98A10600CB8AED /* RMCharacter.swift */,
				7316D9DE2C98A11000CB8AED /* RMEpisode.swift */,
				73DBB86C2C9ABEA600ABAB97 /* RMOrigin.swift */,
				73DBB86E2C9ABED700ABAB97 /* RMSingleLocation.swift */,
				73DBB8702C9AC03700ABAB97 /* RMCharacterStatus.swift */,
				73DBB8722C9AC07A00ABAB97 /* RMCharacterGender.swift */,
			);
			path = DataTypes;
			sourceTree = "<group>";
		};
		73DBB8752C9AD93100ABAB97 /* APIResponseTypes */ = {
			isa = PBXGroup;
			children = (
				73DBB8762C9AD93E00ABAB97 /* RMGetAllCharactersResponse.swift */,
			);
			path = APIResponseTypes;
			sourceTree = "<group>";
		};
/* End PBXGroup section */

/* Begin PBXNativeTarget section */
		7316D9BB2C989CF400CB8AED /* RickAndMorty */ = {
			isa = PBXNativeTarget;
			buildConfigurationList = 7316D9D02C989CF700CB8AED /* Build configuration list for PBXNativeTarget "RickAndMorty" */;
			buildPhases = (
				7316D9B82C989CF400CB8AED /* Sources */,
				7316D9B92C989CF400CB8AED /* Frameworks */,
				7316D9BA2C989CF400CB8AED /* Resources */,
			);
			buildRules = (
			);
			dependencies = (
			);
			name = RickAndMorty;
			productName = RickAndMorty;
			productReference = 7316D9BC2C989CF400CB8AED /* RickAndMorty.app */;
			productType = "com.apple.product-type.application";
		};
/* End PBXNativeTarget section */

/* Begin PBXProject section */
		7316D9B42C989CF400CB8AED /* Project object */ = {
			isa = PBXProject;
			attributes = {
				BuildIndependentTargetsInParallel = 1;
				LastSwiftUpdateCheck = 1500;
				LastUpgradeCheck = 1500;
				TargetAttributes = {
					7316D9BB2C989CF400CB8AED = {
						CreatedOnToolsVersion = 15.0.1;
					};
				};
			};
			buildConfigurationList = 7316D9B72C989CF400CB8AED /* Build configuration list for PBXProject "RickAndMorty" */;
			compatibilityVersion = "Xcode 14.0";
			developmentRegion = en;
			hasScannedForEncodings = 0;
			knownRegions = (
				en,
				Base,
			);
			mainGroup = 7316D9B32C989CF400CB8AED;
			productRefGroup = 7316D9BD2C989CF400CB8AED /* Products */;
			projectDirPath = "";
			projectRoot = "";
			targets = (
				7316D9BB2C989CF400CB8AED /* RickAndMorty */,
			);
		};
/* End PBXProject section */

/* Begin PBXResourcesBuildPhase section */
		7316D9BA2C989CF400CB8AED /* Resources */ = {
			isa = PBXResourcesBuildPhase;
			buildActionMask = 2147483647;
			files = (
				7316D9CC2C989CF700CB8AED /* LaunchScreen.storyboard in Resources */,
				7316D9C92C989CF700CB8AED /* Assets.xcassets in Resources */,
			);
			runOnlyForDeploymentPostprocessing = 0;
		};
/* End PBXResourcesBuildPhase section */

/* Begin PBXSourcesBuildPhase section */
		7316D9B82C989CF400CB8AED /* Sources */ = {
			isa = PBXSourcesBuildPhase;
			buildActionMask = 2147483647;
			files = (
				73DBB86D2C9ABEAA00ABAB97 /* RMOrigin.swift in Sources */,
				73DBB86F2C9ABEDC00ABAB97 /* RMSingleLocation.swift in Sources */,
				73DBB8772C9AD94900ABAB97 /* RMGetAllCharactersResponse.swift in Sources */,
				73DBB8712C9AC03E00ABAB97 /* RMCharacterStatus.swift in Sources */,
				73DBB8732C9AC07E00ABAB97 /* RMCharacterGender.swift in Sources */,
				7316D9E42C98A18100CB8AED /* RMLocationViewController.swift in Sources */,
				7316D9DF2C98A11000CB8AED /* RMEpisode.swift in Sources */,
				7316D9C42C989CF400CB8AED /* RMTabBarController.swift in Sources */,
				7316D9E62C98A19000CB8AED /* RMEpisodeViewController.swift in Sources */,
				7316D9C02C989CF400CB8AED /* AppDelegate.swift in Sources */,
				7316D9C22C989CF400CB8AED /* SceneDelegate.swift in Sources */,
				7316D9E82C98A1EE00CB8AED /* RMSettingsViewController.swift in Sources */,
				73D2F2FA2C99F59E00B18FD4 /* RMService.swift in Sources */,
				7316D9DB2C98A0F900CB8AED /* RMLocation.swift in Sources */,
				73D2F2FE2C99F76000B18FD4 /* RMEndpoint.swift in Sources */,
				7316D9DD2C98A10600CB8AED /* RMCharacter.swift in Sources */,
				73D2F2FC2C99F5AC00B18FD4 /* RMRequest.swift in Sources */,
				7316D9E22C98A16E00CB8AED /* RMCharacterViewController.swift in Sources */,
			);
			runOnlyForDeploymentPostprocessing = 0;
		};
/* End PBXSourcesBuildPhase section */

/* Begin PBXVariantGroup section */
		7316D9CA2C989CF700CB8AED /* LaunchScreen.storyboard */ = {
			isa = PBXVariantGroup;
			children = (
				7316D9CB2C989CF700CB8AED /* Base */,
			);
			name = LaunchScreen.storyboard;
			sourceTree = "<group>";
		};
/* End PBXVariantGroup section */

/* Begin XCBuildConfiguration section */
		7316D9CE2C989CF700CB8AED /* Debug */ = {
			isa = XCBuildConfiguration;
			buildSettings = {
				ALWAYS_SEARCH_USER_PATHS = NO;
				ASSETCATALOG_COMPILER_GENERATE_SWIFT_ASSET_SYMBOL_EXTENSIONS = YES;
				CLANG_ANALYZER_NONNULL = YES;
				CLANG_ANALYZER_NUMBER_OBJECT_CONVERSION = YES_AGGRESSIVE;
				CLANG_CXX_LANGUAGE_STANDARD = "gnu++20";
				CLANG_ENABLE_MODULES = YES;
				CLANG_ENABLE_OBJC_ARC = YES;
				CLANG_ENABLE_OBJC_WEAK = YES;
				CLANG_WARN_BLOCK_CAPTURE_AUTORELEASING = YES;
				CLANG_WARN_BOOL_CONVERSION = YES;
				CLANG_WARN_COMMA = YES;
				CLANG_WARN_CONSTANT_CONVERSION = YES;
				CLANG_WARN_DEPRECATED_OBJC_IMPLEMENTATIONS = YES;
				CLANG_WARN_DIRECT_OBJC_ISA_USAGE = YES_ERROR;
				CLANG_WARN_DOCUMENTATION_COMMENTS = YES;
				CLANG_WARN_EMPTY_BODY = YES;
				CLANG_WARN_ENUM_CONVERSION = YES;
				CLANG_WARN_INFINITE_RECURSION = YES;
				CLANG_WARN_INT_CONVERSION = YES;
				CLANG_WARN_NON_LITERAL_NULL_CONVERSION = YES;
				CLANG_WARN_OBJC_IMPLICIT_RETAIN_SELF = YES;
				CLANG_WARN_OBJC_LITERAL_CONVERSION = YES;
				CLANG_WARN_OBJC_ROOT_CLASS = YES_ERROR;
				CLANG_WARN_QUOTED_INCLUDE_IN_FRAMEWORK_HEADER = YES;
				CLANG_WARN_RANGE_LOOP_ANALYSIS = YES;
				CLANG_WARN_STRICT_PROTOTYPES = YES;
				CLANG_WARN_SUSPICIOUS_MOVE = YES;
				CLANG_WARN_UNGUARDED_AVAILABILITY = YES_AGGRESSIVE;
				CLANG_WARN_UNREACHABLE_CODE = YES;
				CLANG_WARN__DUPLICATE_METHOD_MATCH = YES;
				COPY_PHASE_STRIP = NO;
				DEBUG_INFORMATION_FORMAT = dwarf;
				ENABLE_STRICT_OBJC_MSGSEND = YES;
				ENABLE_TESTABILITY = YES;
				ENABLE_USER_SCRIPT_SANDBOXING = YES;
				GCC_C_LANGUAGE_STANDARD = gnu17;
				GCC_DYNAMIC_NO_PIC = NO;
				GCC_NO_COMMON_BLOCKS = YES;
				GCC_OPTIMIZATION_LEVEL = 0;
				GCC_PREPROCESSOR_DEFINITIONS = (
					"DEBUG=1",
					"$(inherited)",
				);
				GCC_WARN_64_TO_32_BIT_CONVERSION = YES;
				GCC_WARN_ABOUT_RETURN_TYPE = YES_ERROR;
				GCC_WARN_UNDECLARED_SELECTOR = YES;
				GCC_WARN_UNINITIALIZED_AUTOS = YES_AGGRESSIVE;
				GCC_WARN_UNUSED_FUNCTION = YES;
				GCC_WARN_UNUSED_VARIABLE = YES;
				IPHONEOS_DEPLOYMENT_TARGET = 17.0;
				LOCALIZATION_PREFERS_STRING_CATALOGS = YES;
				MTL_ENABLE_DEBUG_INFO = INCLUDE_SOURCE;
				MTL_FAST_MATH = YES;
				ONLY_ACTIVE_ARCH = YES;
				SDKROOT = iphoneos;
				SWIFT_ACTIVE_COMPILATION_CONDITIONS = "DEBUG $(inherited)";
				SWIFT_OPTIMIZATION_LEVEL = "-Onone";
			};
			name = Debug;
		};
		7316D9CF2C989CF700CB8AED /* Release */ = {
			isa = XCBuildConfiguration;
			buildSettings = {
				ALWAYS_SEARCH_USER_PATHS = NO;
				ASSETCATALOG_COMPILER_GENERATE_SWIFT_ASSET_SYMBOL_EXTENSIONS = YES;
				CLANG_ANALYZER_NONNULL = YES;
				CLANG_ANALYZER_NUMBER_OBJECT_CONVERSION = YES_AGGRESSIVE;
				CLANG_CXX_LANGUAGE_STANDARD = "gnu++20";
				CLANG_ENABLE_MODULES = YES;
				CLANG_ENABLE_OBJC_ARC = YES;
				CLANG_ENABLE_OBJC_WEAK = YES;
				CLANG_WARN_BLOCK_CAPTURE_AUTORELEASING = YES;
				CLANG_WARN_BOOL_CONVERSION = YES;
				CLANG_WARN_COMMA = YES;
				CLANG_WARN_CONSTANT_CONVERSION = YES;
				CLANG_WARN_DEPRECATED_OBJC_IMPLEMENTATIONS = YES;
				CLANG_WARN_DIRECT_OBJC_ISA_USAGE = YES_ERROR;
				CLANG_WARN_DOCUMENTATION_COMMENTS = YES;
				CLANG_WARN_EMPTY_BODY = YES;
				CLANG_WARN_ENUM_CONVERSION = YES;
				CLANG_WARN_INFINITE_RECURSION = YES;
				CLANG_WARN_INT_CONVERSION = YES;
				CLANG_WARN_NON_LITERAL_NULL_CONVERSION = YES;
				CLANG_WARN_OBJC_IMPLICIT_RETAIN_SELF = YES;
				CLANG_WARN_OBJC_LITERAL_CONVERSION = YES;
				CLANG_WARN_OBJC_ROOT_CLASS = YES_ERROR;
				CLANG_WARN_QUOTED_INCLUDE_IN_FRAMEWORK_HEADER = YES;
				CLANG_WARN_RANGE_LOOP_ANALYSIS = YES;
				CLANG_WARN_STRICT_PROTOTYPES = YES;
				CLANG_WARN_SUSPICIOUS_MOVE = YES;
				CLANG_WARN_UNGUARDED_AVAILABILITY = YES_AGGRESSIVE;
				CLANG_WARN_UNREACHABLE_CODE = YES;
				CLANG_WARN__DUPLICATE_METHOD_MATCH = YES;
				COPY_PHASE_STRIP = NO;
				DEBUG_INFORMATION_FORMAT = "dwarf-with-dsym";
				ENABLE_NS_ASSERTIONS = NO;
				ENABLE_STRICT_OBJC_MSGSEND = YES;
				ENABLE_USER_SCRIPT_SANDBOXING = YES;
				GCC_C_LANGUAGE_STANDARD = gnu17;
				GCC_NO_COMMON_BLOCKS = YES;
				GCC_WARN_64_TO_32_BIT_CONVERSION = YES;
				GCC_WARN_ABOUT_RETURN_TYPE = YES_ERROR;
				GCC_WARN_UNDECLARED_SELECTOR = YES;
				GCC_WARN_UNINITIALIZED_AUTOS = YES_AGGRESSIVE;
				GCC_WARN_UNUSED_FUNCTION = YES;
				GCC_WARN_UNUSED_VARIABLE = YES;
				IPHONEOS_DEPLOYMENT_TARGET = 17.0;
				LOCALIZATION_PREFERS_STRING_CATALOGS = YES;
				MTL_ENABLE_DEBUG_INFO = NO;
				MTL_FAST_MATH = YES;
				SDKROOT = iphoneos;
				SWIFT_COMPILATION_MODE = wholemodule;
				VALIDATE_PRODUCT = YES;
			};
			name = Release;
		};
		7316D9D12C989CF700CB8AED /* Debug */ = {
			isa = XCBuildConfiguration;
			buildSettings = {
				ASSETCATALOG_COMPILER_APPICON_NAME = AppIcon;
				ASSETCATALOG_COMPILER_GLOBAL_ACCENT_COLOR_NAME = AccentColor;
				CODE_SIGN_STYLE = Automatic;
				CURRENT_PROJECT_VERSION = 1;
				DEVELOPMENT_TEAM = L2JM98ZP8W;
				GENERATE_INFOPLIST_FILE = YES;
				INFOPLIST_FILE = RickAndMorty/Info.plist;
				INFOPLIST_KEY_UIApplicationSupportsIndirectInputEvents = YES;
				INFOPLIST_KEY_UILaunchStoryboardName = LaunchScreen;
				INFOPLIST_KEY_UISupportedInterfaceOrientations_iPad = "UIInterfaceOrientationPortrait UIInterfaceOrientationPortraitUpsideDown UIInterfaceOrientationLandscapeLeft UIInterfaceOrientationLandscapeRight";
				INFOPLIST_KEY_UISupportedInterfaceOrientations_iPhone = "UIInterfaceOrientationPortrait UIInterfaceOrientationLandscapeLeft UIInterfaceOrientationLandscapeRight";
				LD_RUNPATH_SEARCH_PATHS = (
					"$(inherited)",
					"@executable_path/Frameworks",
				);
				MARKETING_VERSION = 1.0;
				PRODUCT_BUNDLE_IDENTIFIER = vaibhav.RickAndMorty;
				PRODUCT_NAME = "$(TARGET_NAME)";
				SWIFT_EMIT_LOC_STRINGS = YES;
				SWIFT_VERSION = 5.0;
				TARGETED_DEVICE_FAMILY = "1,2";
			};
			name = Debug;
		};
		7316D9D22C989CF700CB8AED /* Release */ = {
			isa = XCBuildConfiguration;
			buildSettings = {
				ASSETCATALOG_COMPILER_APPICON_NAME = AppIcon;
				ASSETCATALOG_COMPILER_GLOBAL_ACCENT_COLOR_NAME = AccentColor;
				CODE_SIGN_STYLE = Automatic;
				CURRENT_PROJECT_VERSION = 1;
				DEVELOPMENT_TEAM = L2JM98ZP8W;
				GENERATE_INFOPLIST_FILE = YES;
				INFOPLIST_FILE = RickAndMorty/Info.plist;
				INFOPLIST_KEY_UIApplicationSupportsIndirectInputEvents = YES;
				INFOPLIST_KEY_UILaunchStoryboardName = LaunchScreen;
				INFOPLIST_KEY_UISupportedInterfaceOrientations_iPad = "UIInterfaceOrientationPortrait UIInterfaceOrientationPortraitUpsideDown UIInterfaceOrientationLandscapeLeft UIInterfaceOrientationLandscapeRight";
				INFOPLIST_KEY_UISupportedInterfaceOrientations_iPhone = "UIInterfaceOrientationPortrait UIInterfaceOrientationLandscapeLeft UIInterfaceOrientationLandscapeRight";
				LD_RUNPATH_SEARCH_PATHS = (
					"$(inherited)",
					"@executable_path/Frameworks",
				);
				MARKETING_VERSION = 1.0;
				PRODUCT_BUNDLE_IDENTIFIER = vaibhav.RickAndMorty;
				PRODUCT_NAME = "$(TARGET_NAME)";
				SWIFT_EMIT_LOC_STRINGS = YES;
				SWIFT_VERSION = 5.0;
				TARGETED_DEVICE_FAMILY = "1,2";
			};
			name = Release;
		};
/* End XCBuildConfiguration section */

/* Begin XCConfigurationList section */
		7316D9B72C989CF400CB8AED /* Build configuration list for PBXProject "RickAndMorty" */ = {
			isa = XCConfigurationList;
			buildConfigurations = (
				7316D9CE2C989CF700CB8AED /* Debug */,
				7316D9CF2C989CF700CB8AED /* Release */,
			);
			defaultConfigurationIsVisible = 0;
			defaultConfigurationName = Release;
		};
		7316D9D02C989CF700CB8AED /* Build configuration list for PBXNativeTarget "RickAndMorty" */ = {
			isa = XCConfigurationList;
			buildConfigurations = (
				7316D9D12C989CF700CB8AED /* Debug */,
				7316D9D22C989CF700CB8AED /* Release */,
			);
			defaultConfigurationIsVisible = 0;
			defaultConfigurationName = Release;
		};
/* End XCConfigurationList section */
	};
	rootObject = 7316D9B42C989CF400CB8AED /* Project object */;
}
